// !$*UTF8*$!
{
	archiveVersion = 1;
	classes = {
	};
	objectVersion = 54;
	objects = {

/* Begin PBXBuildFile section */
		16236B9029A54A1800CE5F1C /* MapView.swift in Sources */ = {isa = PBXBuildFile; fileRef = 16236B8F29A54A1800CE5F1C /* MapView.swift */; };
		2E31C64BBFB0E65C821F6D29 /* Pods_sigmap_iosTests.framework in Frameworks */ = {isa = PBXBuildFile; fileRef = 2959AA6F1D776DE1A17415CB /* Pods_sigmap_iosTests.framework */; };
		450540EEEA0E0498D5DDD6B1 /* Pods_sigmap_ios.framework in Frameworks */ = {isa = PBXBuildFile; fileRef = F455017D230697E9969387D0 /* Pods_sigmap_ios.framework */; };
		5B317947A3A0D3990757CC35 /* Pods_sigmap_ios_sigmap_iosUITests.framework in Frameworks */ = {isa = PBXBuildFile; fileRef = C1DAD16EAE4B07A0FC088466 /* Pods_sigmap_ios_sigmap_iosUITests.framework */; };
		AD4A264429AE5494006A4E5B /* SwiftUIView.swift in Sources */ = {isa = PBXBuildFile; fileRef = AD4A264329AE5494006A4E5B /* SwiftUIView.swift */; };
		AD4A264629AE54AA006A4E5B /* LoginView.swift in Sources */ = {isa = PBXBuildFile; fileRef = AD4A264529AE54AA006A4E5B /* LoginView.swift */; };
		AD4A264829AE54DE006A4E5B /* FirebaseManager.swift in Sources */ = {isa = PBXBuildFile; fileRef = AD4A264729AE54DE006A4E5B /* FirebaseManager.swift */; };
		AD4A264A29B136D4006A4E5B /* NavBar.swift in Sources */ = {isa = PBXBuildFile; fileRef = AD4A264929B136D4006A4E5B /* NavBar.swift */; };
		AD713151298702330068FC1F /* SettingsView.swift in Sources */ = {isa = PBXBuildFile; fileRef = AD713150298702330068FC1F /* SettingsView.swift */; };
		AD7131532987034A0068FC1F /* LibraryView.swift in Sources */ = {isa = PBXBuildFile; fileRef = AD7131522987034A0068FC1F /* LibraryView.swift */; };
		ADB5E5592988B50D00C12F1E /* GoogleService-Info.plist in Resources */ = {isa = PBXBuildFile; fileRef = ADB5E5582988B50D00C12F1E /* GoogleService-Info.plist */; };
		ADE17F172981EC5F002B647D /* sigmap_iosApp.swift in Sources */ = {isa = PBXBuildFile; fileRef = ADE17F162981EC5F002B647D /* sigmap_iosApp.swift */; };
		ADE17F192981EC5F002B647D /* HomeView.swift in Sources */ = {isa = PBXBuildFile; fileRef = ADE17F182981EC5F002B647D /* HomeView.swift */; };
		ADE17F1B2981EC61002B647D /* Assets.xcassets in Resources */ = {isa = PBXBuildFile; fileRef = ADE17F1A2981EC61002B647D /* Assets.xcassets */; };
		ADE17F1E2981EC61002B647D /* Preview Assets.xcassets in Resources */ = {isa = PBXBuildFile; fileRef = ADE17F1D2981EC61002B647D /* Preview Assets.xcassets */; };
		ADE17F282981EC61002B647D /* sigmap_iosTests.swift in Sources */ = {isa = PBXBuildFile; fileRef = ADE17F272981EC61002B647D /* sigmap_iosTests.swift */; };
		ADE17F322981EC62002B647D /* sigmap_iosUITests.swift in Sources */ = {isa = PBXBuildFile; fileRef = ADE17F312981EC62002B647D /* sigmap_iosUITests.swift */; };
		ADE17F342981EC62002B647D /* sigmap_iosUITestsLaunchTests.swift in Sources */ = {isa = PBXBuildFile; fileRef = ADE17F332981EC62002B647D /* sigmap_iosUITestsLaunchTests.swift */; };
/* End PBXBuildFile section */

/* Begin PBXContainerItemProxy section */
		ADE17F242981EC61002B647D /* PBXContainerItemProxy */ = {
			isa = PBXContainerItemProxy;
			containerPortal = ADE17F0B2981EC5F002B647D /* Project object */;
			proxyType = 1;
			remoteGlobalIDString = ADE17F122981EC5F002B647D;
			remoteInfo = "sigmap-ios";
		};
		ADE17F2E2981EC62002B647D /* PBXContainerItemProxy */ = {
			isa = PBXContainerItemProxy;
			containerPortal = ADE17F0B2981EC5F002B647D /* Project object */;
			proxyType = 1;
			remoteGlobalIDString = ADE17F122981EC5F002B647D;
			remoteInfo = "sigmap-ios";
		};
/* End PBXContainerItemProxy section */

/* Begin PBXFileReference section */
		0EDBB0178A1B75794C15281D /* Pods-sigmap-iosTests.debug.xcconfig */ = {isa = PBXFileReference; includeInIndex = 1; lastKnownFileType = text.xcconfig; name = "Pods-sigmap-iosTests.debug.xcconfig"; path = "Target Support Files/Pods-sigmap-iosTests/Pods-sigmap-iosTests.debug.xcconfig"; sourceTree = "<group>"; };
		151474556AEAC5E4D3C9D21A /* Pods-sigmap-ios-sigmap-iosUITests.release.xcconfig */ = {isa = PBXFileReference; includeInIndex = 1; lastKnownFileType = text.xcconfig; name = "Pods-sigmap-ios-sigmap-iosUITests.release.xcconfig"; path = "Target Support Files/Pods-sigmap-ios-sigmap-iosUITests/Pods-sigmap-ios-sigmap-iosUITests.release.xcconfig"; sourceTree = "<group>"; };
		16236B8F29A54A1800CE5F1C /* MapView.swift */ = {isa = PBXFileReference; lastKnownFileType = sourcecode.swift; path = MapView.swift; sourceTree = "<group>"; };
		2959AA6F1D776DE1A17415CB /* Pods_sigmap_iosTests.framework */ = {isa = PBXFileReference; explicitFileType = wrapper.framework; includeInIndex = 0; path = Pods_sigmap_iosTests.framework; sourceTree = BUILT_PRODUCTS_DIR; };
		32C5006F018878695A7B9DBF /* Pods-sigmap-ios.release.xcconfig */ = {isa = PBXFileReference; includeInIndex = 1; lastKnownFileType = text.xcconfig; name = "Pods-sigmap-ios.release.xcconfig"; path = "Target Support Files/Pods-sigmap-ios/Pods-sigmap-ios.release.xcconfig"; sourceTree = "<group>"; };
		4B5D1EC072AD671AE3950B6E /* Pods-sigmap-iosTests.release.xcconfig */ = {isa = PBXFileReference; includeInIndex = 1; lastKnownFileType = text.xcconfig; name = "Pods-sigmap-iosTests.release.xcconfig"; path = "Target Support Files/Pods-sigmap-iosTests/Pods-sigmap-iosTests.release.xcconfig"; sourceTree = "<group>"; };
		542F057C884D3F0CBA63E4D7 /* Pods-sigmap-ios-sigmap-iosUITests.debug.xcconfig */ = {isa = PBXFileReference; includeInIndex = 1; lastKnownFileType = text.xcconfig; name = "Pods-sigmap-ios-sigmap-iosUITests.debug.xcconfig"; path = "Target Support Files/Pods-sigmap-ios-sigmap-iosUITests/Pods-sigmap-ios-sigmap-iosUITests.debug.xcconfig"; sourceTree = "<group>"; };
		AD4A264329AE5494006A4E5B /* SwiftUIView.swift */ = {isa = PBXFileReference; lastKnownFileType = sourcecode.swift; path = SwiftUIView.swift; sourceTree = "<group>"; };
		AD4A264529AE54AA006A4E5B /* LoginView.swift */ = {isa = PBXFileReference; lastKnownFileType = sourcecode.swift; path = LoginView.swift; sourceTree = "<group>"; };
		AD4A264729AE54DE006A4E5B /* FirebaseManager.swift */ = {isa = PBXFileReference; lastKnownFileType = sourcecode.swift; path = FirebaseManager.swift; sourceTree = "<group>"; };
		AD4A264929B136D4006A4E5B /* NavBar.swift */ = {isa = PBXFileReference; lastKnownFileType = sourcecode.swift; path = NavBar.swift; sourceTree = "<group>"; };
		AD713150298702330068FC1F /* SettingsView.swift */ = {isa = PBXFileReference; lastKnownFileType = sourcecode.swift; path = SettingsView.swift; sourceTree = "<group>"; };
		AD7131522987034A0068FC1F /* LibraryView.swift */ = {isa = PBXFileReference; lastKnownFileType = sourcecode.swift; path = LibraryView.swift; sourceTree = "<group>"; };
		AD7131542987266D0068FC1F /* Info.plist */ = {isa = PBXFileReference; lastKnownFileType = text.plist; path = Info.plist; sourceTree = "<group>"; };
		ADB5E5582988B50D00C12F1E /* GoogleService-Info.plist */ = {isa = PBXFileReference; fileEncoding = 4; lastKnownFileType = text.plist.xml; path = "GoogleService-Info.plist"; sourceTree = "<group>"; };
		ADE17F132981EC5F002B647D /* sigmap-ios.app */ = {isa = PBXFileReference; explicitFileType = wrapper.application; includeInIndex = 0; path = "sigmap-ios.app"; sourceTree = BUILT_PRODUCTS_DIR; };
		ADE17F162981EC5F002B647D /* sigmap_iosApp.swift */ = {isa = PBXFileReference; lastKnownFileType = sourcecode.swift; path = sigmap_iosApp.swift; sourceTree = "<group>"; };
		ADE17F182981EC5F002B647D /* HomeView.swift */ = {isa = PBXFileReference; lastKnownFileType = sourcecode.swift; path = HomeView.swift; sourceTree = "<group>"; };
		ADE17F1A2981EC61002B647D /* Assets.xcassets */ = {isa = PBXFileReference; lastKnownFileType = folder.assetcatalog; path = Assets.xcassets; sourceTree = "<group>"; };
		ADE17F1D2981EC61002B647D /* Preview Assets.xcassets */ = {isa = PBXFileReference; lastKnownFileType = folder.assetcatalog; path = "Preview Assets.xcassets"; sourceTree = "<group>"; };
		ADE17F232981EC61002B647D /* sigmap-iosTests.xctest */ = {isa = PBXFileReference; explicitFileType = wrapper.cfbundle; includeInIndex = 0; path = "sigmap-iosTests.xctest"; sourceTree = BUILT_PRODUCTS_DIR; };
		ADE17F272981EC61002B647D /* sigmap_iosTests.swift */ = {isa = PBXFileReference; lastKnownFileType = sourcecode.swift; path = sigmap_iosTests.swift; sourceTree = "<group>"; };
		ADE17F2D2981EC62002B647D /* sigmap-iosUITests.xctest */ = {isa = PBXFileReference; explicitFileType = wrapper.cfbundle; includeInIndex = 0; path = "sigmap-iosUITests.xctest"; sourceTree = BUILT_PRODUCTS_DIR; };
		ADE17F312981EC62002B647D /* sigmap_iosUITests.swift */ = {isa = PBXFileReference; lastKnownFileType = sourcecode.swift; path = sigmap_iosUITests.swift; sourceTree = "<group>"; };
		ADE17F332981EC62002B647D /* sigmap_iosUITestsLaunchTests.swift */ = {isa = PBXFileReference; lastKnownFileType = sourcecode.swift; path = sigmap_iosUITestsLaunchTests.swift; sourceTree = "<group>"; };
		C1DAD16EAE4B07A0FC088466 /* Pods_sigmap_ios_sigmap_iosUITests.framework */ = {isa = PBXFileReference; explicitFileType = wrapper.framework; includeInIndex = 0; path = Pods_sigmap_ios_sigmap_iosUITests.framework; sourceTree = BUILT_PRODUCTS_DIR; };
		C6949BF32C43D0A7F6E85802 /* Pods-sigmap-ios.debug.xcconfig */ = {isa = PBXFileReference; includeInIndex = 1; lastKnownFileType = text.xcconfig; name = "Pods-sigmap-ios.debug.xcconfig"; path = "Target Support Files/Pods-sigmap-ios/Pods-sigmap-ios.debug.xcconfig"; sourceTree = "<group>"; };
		F455017D230697E9969387D0 /* Pods_sigmap_ios.framework */ = {isa = PBXFileReference; explicitFileType = wrapper.framework; includeInIndex = 0; path = Pods_sigmap_ios.framework; sourceTree = BUILT_PRODUCTS_DIR; };
/* End PBXFileReference section */

/* Begin PBXFrameworksBuildPhase section */
		ADE17F102981EC5F002B647D /* Frameworks */ = {
			isa = PBXFrameworksBuildPhase;
			buildActionMask = 2147483647;
			files = (
				450540EEEA0E0498D5DDD6B1 /* Pods_sigmap_ios.framework in Frameworks */,
			);
			runOnlyForDeploymentPostprocessing = 0;
		};
		ADE17F202981EC61002B647D /* Frameworks */ = {
			isa = PBXFrameworksBuildPhase;
			buildActionMask = 2147483647;
			files = (
				2E31C64BBFB0E65C821F6D29 /* Pods_sigmap_iosTests.framework in Frameworks */,
			);
			runOnlyForDeploymentPostprocessing = 0;
		};
		ADE17F2A2981EC62002B647D /* Frameworks */ = {
			isa = PBXFrameworksBuildPhase;
			buildActionMask = 2147483647;
			files = (
				5B317947A3A0D3990757CC35 /* Pods_sigmap_ios_sigmap_iosUITests.framework in Frameworks */,
			);
			runOnlyForDeploymentPostprocessing = 0;
		};
/* End PBXFrameworksBuildPhase section */

/* Begin PBXGroup section */
		6699A052B393D41E30BF0C36 /* Frameworks */ = {
			isa = PBXGroup;
			children = (
				F455017D230697E9969387D0 /* Pods_sigmap_ios.framework */,
				C1DAD16EAE4B07A0FC088466 /* Pods_sigmap_ios_sigmap_iosUITests.framework */,
				2959AA6F1D776DE1A17415CB /* Pods_sigmap_iosTests.framework */,
			);
			name = Frameworks;
			sourceTree = "<group>";
		};
		AD0BF7B229898AD40066612B /* Views */ = {
			isa = PBXGroup;
			children = (
				AD7131522987034A0068FC1F /* LibraryView.swift */,
				AD713150298702330068FC1F /* SettingsView.swift */,
				ADE17F182981EC5F002B647D /* HomeView.swift */,
				16236B8F29A54A1800CE5F1C /* MapView.swift */,
				AD4A264329AE5494006A4E5B /* SwiftUIView.swift */,
				AD4A264529AE54AA006A4E5B /* LoginView.swift */,
				AD4A264929B136D4006A4E5B /* NavBar.swift */,
			);
			path = Views;
			sourceTree = "<group>";
		};
		ADE17F0A2981EC5F002B647D = {
			isa = PBXGroup;
			children = (
				ADE17F152981EC5F002B647D /* sigmap-ios */,
				ADE17F262981EC61002B647D /* sigmap-iosTests */,
				ADE17F302981EC62002B647D /* sigmap-iosUITests */,
				ADE17F142981EC5F002B647D /* Products */,
				C80B4A662AC989A803D0DF23 /* Pods */,
				6699A052B393D41E30BF0C36 /* Frameworks */,
			);
			sourceTree = "<group>";
		};
		ADE17F142981EC5F002B647D /* Products */ = {
			isa = PBXGroup;
			children = (
				ADE17F132981EC5F002B647D /* sigmap-ios.app */,
				ADE17F232981EC61002B647D /* sigmap-iosTests.xctest */,
				ADE17F2D2981EC62002B647D /* sigmap-iosUITests.xctest */,
			);
			name = Products;
			sourceTree = "<group>";
		};
		ADE17F152981EC5F002B647D /* sigmap-ios */ = {
			isa = PBXGroup;
			children = (
				ADE17F162981EC5F002B647D /* sigmap_iosApp.swift */,
				AD0BF7B229898AD40066612B /* Views */,
				ADE17F1A2981EC61002B647D /* Assets.xcassets */,
				AD7131542987266D0068FC1F /* Info.plist */,
				ADB5E5582988B50D00C12F1E /* GoogleService-Info.plist */,
				ADE17F1C2981EC61002B647D /* Preview Content */,
				AD4A264729AE54DE006A4E5B /* FirebaseManager.swift */,
			);
			path = "sigmap-ios";
			sourceTree = "<group>";
		};
		ADE17F1C2981EC61002B647D /* Preview Content */ = {
			isa = PBXGroup;
			children = (
				ADE17F1D2981EC61002B647D /* Preview Assets.xcassets */,
			);
			path = "Preview Content";
			sourceTree = "<group>";
		};
		ADE17F262981EC61002B647D /* sigmap-iosTests */ = {
			isa = PBXGroup;
			children = (
				ADE17F272981EC61002B647D /* sigmap_iosTests.swift */,
			);
			path = "sigmap-iosTests";
			sourceTree = "<group>";
		};
		ADE17F302981EC62002B647D /* sigmap-iosUITests */ = {
			isa = PBXGroup;
			children = (
				ADE17F312981EC62002B647D /* sigmap_iosUITests.swift */,
				ADE17F332981EC62002B647D /* sigmap_iosUITestsLaunchTests.swift */,
			);
			path = "sigmap-iosUITests";
			sourceTree = "<group>";
		};
		C80B4A662AC989A803D0DF23 /* Pods */ = {
			isa = PBXGroup;
			children = (
				C6949BF32C43D0A7F6E85802 /* Pods-sigmap-ios.debug.xcconfig */,
				32C5006F018878695A7B9DBF /* Pods-sigmap-ios.release.xcconfig */,
				542F057C884D3F0CBA63E4D7 /* Pods-sigmap-ios-sigmap-iosUITests.debug.xcconfig */,
				151474556AEAC5E4D3C9D21A /* Pods-sigmap-ios-sigmap-iosUITests.release.xcconfig */,
				0EDBB0178A1B75794C15281D /* Pods-sigmap-iosTests.debug.xcconfig */,
				4B5D1EC072AD671AE3950B6E /* Pods-sigmap-iosTests.release.xcconfig */,
			);
			path = Pods;
			sourceTree = "<group>";
		};
/* End PBXGroup section */

/* Begin PBXNativeTarget section */
		ADE17F122981EC5F002B647D /* sigmap-ios */ = {
			isa = PBXNativeTarget;
			buildConfigurationList = ADE17F372981EC62002B647D /* Build configuration list for PBXNativeTarget "sigmap-ios" */;
			buildPhases = (
				4A39A91AD39B621F93F64B81 /* [CP] Check Pods Manifest.lock */,
				ADE17F0F2981EC5F002B647D /* Sources */,
				ADE17F102981EC5F002B647D /* Frameworks */,
				ADE17F112981EC5F002B647D /* Resources */,
				007AC3F016D5FC4E51BD4C1F /* [CP] Embed Pods Frameworks */,
			);
			buildRules = (
			);
			dependencies = (
			);
			name = "sigmap-ios";
			productName = "sigmap-ios";
			productReference = ADE17F132981EC5F002B647D /* sigmap-ios.app */;
			productType = "com.apple.product-type.application";
		};
		ADE17F222981EC61002B647D /* sigmap-iosTests */ = {
			isa = PBXNativeTarget;
			buildConfigurationList = ADE17F3A2981EC62002B647D /* Build configuration list for PBXNativeTarget "sigmap-iosTests" */;
			buildPhases = (
				721902A38B853EDFD3BEFB89 /* [CP] Check Pods Manifest.lock */,
				ADE17F1F2981EC61002B647D /* Sources */,
				ADE17F202981EC61002B647D /* Frameworks */,
				ADE17F212981EC61002B647D /* Resources */,
			);
			buildRules = (
			);
			dependencies = (
				ADE17F252981EC61002B647D /* PBXTargetDependency */,
			);
			name = "sigmap-iosTests";
			productName = "sigmap-iosTests";
			productReference = ADE17F232981EC61002B647D /* sigmap-iosTests.xctest */;
			productType = "com.apple.product-type.bundle.unit-test";
		};
		ADE17F2C2981EC62002B647D /* sigmap-iosUITests */ = {
			isa = PBXNativeTarget;
			buildConfigurationList = ADE17F3D2981EC62002B647D /* Build configuration list for PBXNativeTarget "sigmap-iosUITests" */;
			buildPhases = (
				5B9CC92A52E8C657A10CF897 /* [CP] Check Pods Manifest.lock */,
				ADE17F292981EC62002B647D /* Sources */,
				ADE17F2A2981EC62002B647D /* Frameworks */,
				ADE17F2B2981EC62002B647D /* Resources */,
				CB040F72F108AA6CDCA4AAB2 /* [CP] Embed Pods Frameworks */,
			);
			buildRules = (
			);
			dependencies = (
				ADE17F2F2981EC62002B647D /* PBXTargetDependency */,
			);
			name = "sigmap-iosUITests";
			productName = "sigmap-iosUITests";
			productReference = ADE17F2D2981EC62002B647D /* sigmap-iosUITests.xctest */;
			productType = "com.apple.product-type.bundle.ui-testing";
		};
/* End PBXNativeTarget section */

/* Begin PBXProject section */
		ADE17F0B2981EC5F002B647D /* Project object */ = {
			isa = PBXProject;
			attributes = {
				BuildIndependentTargetsInParallel = 1;
				LastSwiftUpdateCheck = 1420;
				LastUpgradeCheck = 1420;
				TargetAttributes = {
					ADE17F122981EC5F002B647D = {
						CreatedOnToolsVersion = 14.2;
					};
					ADE17F222981EC61002B647D = {
						CreatedOnToolsVersion = 14.2;
						TestTargetID = ADE17F122981EC5F002B647D;
					};
					ADE17F2C2981EC62002B647D = {
						CreatedOnToolsVersion = 14.2;
						TestTargetID = ADE17F122981EC5F002B647D;
					};
				};
			};
			buildConfigurationList = ADE17F0E2981EC5F002B647D /* Build configuration list for PBXProject "sigmap-ios" */;
			compatibilityVersion = "Xcode 12.0";
			developmentRegion = en;
			hasScannedForEncodings = 0;
			knownRegions = (
				en,
				Base,
			);
			mainGroup = ADE17F0A2981EC5F002B647D;
			productRefGroup = ADE17F142981EC5F002B647D /* Products */;
			projectDirPath = "";
			projectRoot = "";
			targets = (
				ADE17F122981EC5F002B647D /* sigmap-ios */,
				ADE17F222981EC61002B647D /* sigmap-iosTests */,
				ADE17F2C2981EC62002B647D /* sigmap-iosUITests */,
			);
		};
/* End PBXProject section */

/* Begin PBXResourcesBuildPhase section */
		ADE17F112981EC5F002B647D /* Resources */ = {
			isa = PBXResourcesBuildPhase;
			buildActionMask = 2147483647;
			files = (
				ADE17F1E2981EC61002B647D /* Preview Assets.xcassets in Resources */,
				ADE17F1B2981EC61002B647D /* Assets.xcassets in Resources */,
				ADB5E5592988B50D00C12F1E /* GoogleService-Info.plist in Resources */,
			);
			runOnlyForDeploymentPostprocessing = 0;
		};
		ADE17F212981EC61002B647D /* Resources */ = {
			isa = PBXResourcesBuildPhase;
			buildActionMask = 2147483647;
			files = (
			);
			runOnlyForDeploymentPostprocessing = 0;
		};
		ADE17F2B2981EC62002B647D /* Resources */ = {
			isa = PBXResourcesBuildPhase;
			buildActionMask = 2147483647;
			files = (
			);
			runOnlyForDeploymentPostprocessing = 0;
		};
/* End PBXResourcesBuildPhase section */

/* Begin PBXShellScriptBuildPhase section */
		007AC3F016D5FC4E51BD4C1F /* [CP] Embed Pods Frameworks */ = {
			isa = PBXShellScriptBuildPhase;
			buildActionMask = 2147483647;
			files = (
			);
			inputFileListPaths = (
				"${PODS_ROOT}/Target Support Files/Pods-sigmap-ios/Pods-sigmap-ios-frameworks-${CONFIGURATION}-input-files.xcfilelist",
			);
			name = "[CP] Embed Pods Frameworks";
			outputFileListPaths = (
				"${PODS_ROOT}/Target Support Files/Pods-sigmap-ios/Pods-sigmap-ios-frameworks-${CONFIGURATION}-output-files.xcfilelist",
			);
			runOnlyForDeploymentPostprocessing = 0;
			shellPath = /bin/sh;
			shellScript = "\"${PODS_ROOT}/Target Support Files/Pods-sigmap-ios/Pods-sigmap-ios-frameworks.sh\"\n";
			showEnvVarsInLog = 0;
		};
		4A39A91AD39B621F93F64B81 /* [CP] Check Pods Manifest.lock */ = {
			isa = PBXShellScriptBuildPhase;
			buildActionMask = 2147483647;
			files = (
			);
			inputFileListPaths = (
			);
			inputPaths = (
				"${PODS_PODFILE_DIR_PATH}/Podfile.lock",
				"${PODS_ROOT}/Manifest.lock",
			);
			name = "[CP] Check Pods Manifest.lock";
			outputFileListPaths = (
			);
			outputPaths = (
				"$(DERIVED_FILE_DIR)/Pods-sigmap-ios-checkManifestLockResult.txt",
			);
			runOnlyForDeploymentPostprocessing = 0;
			shellPath = /bin/sh;
			shellScript = "diff \"${PODS_PODFILE_DIR_PATH}/Podfile.lock\" \"${PODS_ROOT}/Manifest.lock\" > /dev/null\nif [ $? != 0 ] ; then\n    # print error to STDERR\n    echo \"error: The sandbox is not in sync with the Podfile.lock. Run 'pod install' or update your CocoaPods installation.\" >&2\n    exit 1\nfi\n# This output is used by Xcode 'outputs' to avoid re-running this script phase.\necho \"SUCCESS\" > \"${SCRIPT_OUTPUT_FILE_0}\"\n";
			showEnvVarsInLog = 0;
		};
		5B9CC92A52E8C657A10CF897 /* [CP] Check Pods Manifest.lock */ = {
			isa = PBXShellScriptBuildPhase;
			buildActionMask = 2147483647;
			files = (
			);
			inputFileListPaths = (
			);
			inputPaths = (
				"${PODS_PODFILE_DIR_PATH}/Podfile.lock",
				"${PODS_ROOT}/Manifest.lock",
			);
			name = "[CP] Check Pods Manifest.lock";
			outputFileListPaths = (
			);
			outputPaths = (
				"$(DERIVED_FILE_DIR)/Pods-sigmap-ios-sigmap-iosUITests-checkManifestLockResult.txt",
			);
			runOnlyForDeploymentPostprocessing = 0;
			shellPath = /bin/sh;
			shellScript = "diff \"${PODS_PODFILE_DIR_PATH}/Podfile.lock\" \"${PODS_ROOT}/Manifest.lock\" > /dev/null\nif [ $? != 0 ] ; then\n    # print error to STDERR\n    echo \"error: The sandbox is not in sync with the Podfile.lock. Run 'pod install' or update your CocoaPods installation.\" >&2\n    exit 1\nfi\n# This output is used by Xcode 'outputs' to avoid re-running this script phase.\necho \"SUCCESS\" > \"${SCRIPT_OUTPUT_FILE_0}\"\n";
			showEnvVarsInLog = 0;
		};
		721902A38B853EDFD3BEFB89 /* [CP] Check Pods Manifest.lock */ = {
			isa = PBXShellScriptBuildPhase;
			buildActionMask = 2147483647;
			files = (
			);
			inputFileListPaths = (
			);
			inputPaths = (
				"${PODS_PODFILE_DIR_PATH}/Podfile.lock",
				"${PODS_ROOT}/Manifest.lock",
			);
			name = "[CP] Check Pods Manifest.lock";
			outputFileListPaths = (
			);
			outputPaths = (
				"$(DERIVED_FILE_DIR)/Pods-sigmap-iosTests-checkManifestLockResult.txt",
			);
			runOnlyForDeploymentPostprocessing = 0;
			shellPath = /bin/sh;
			shellScript = "diff \"${PODS_PODFILE_DIR_PATH}/Podfile.lock\" \"${PODS_ROOT}/Manifest.lock\" > /dev/null\nif [ $? != 0 ] ; then\n    # print error to STDERR\n    echo \"error: The sandbox is not in sync with the Podfile.lock. Run 'pod install' or update your CocoaPods installation.\" >&2\n    exit 1\nfi\n# This output is used by Xcode 'outputs' to avoid re-running this script phase.\necho \"SUCCESS\" > \"${SCRIPT_OUTPUT_FILE_0}\"\n";
			showEnvVarsInLog = 0;
		};
		CB040F72F108AA6CDCA4AAB2 /* [CP] Embed Pods Frameworks */ = {
			isa = PBXShellScriptBuildPhase;
			buildActionMask = 2147483647;
			files = (
			);
			inputFileListPaths = (
				"${PODS_ROOT}/Target Support Files/Pods-sigmap-ios-sigmap-iosUITests/Pods-sigmap-ios-sigmap-iosUITests-frameworks-${CONFIGURATION}-input-files.xcfilelist",
			);
			name = "[CP] Embed Pods Frameworks";
			outputFileListPaths = (
				"${PODS_ROOT}/Target Support Files/Pods-sigmap-ios-sigmap-iosUITests/Pods-sigmap-ios-sigmap-iosUITests-frameworks-${CONFIGURATION}-output-files.xcfilelist",
			);
			runOnlyForDeploymentPostprocessing = 0;
			shellPath = /bin/sh;
			shellScript = "\"${PODS_ROOT}/Target Support Files/Pods-sigmap-ios-sigmap-iosUITests/Pods-sigmap-ios-sigmap-iosUITests-frameworks.sh\"\n";
			showEnvVarsInLog = 0;
		};
/* End PBXShellScriptBuildPhase section */

/* Begin PBXSourcesBuildPhase section */
		ADE17F0F2981EC5F002B647D /* Sources */ = {
			isa = PBXSourcesBuildPhase;
			buildActionMask = 2147483647;
			files = (
				AD7131532987034A0068FC1F /* LibraryView.swift in Sources */,
				AD4A264629AE54AA006A4E5B /* LoginView.swift in Sources */,
				AD4A264A29B136D4006A4E5B /* NavBar.swift in Sources */,
				AD713151298702330068FC1F /* SettingsView.swift in Sources */,
				AD4A264429AE5494006A4E5B /* SwiftUIView.swift in Sources */,
				AD4A264829AE54DE006A4E5B /* FirebaseManager.swift in Sources */,
				16236B9029A54A1800CE5F1C /* MapView.swift in Sources */,
				ADE17F192981EC5F002B647D /* HomeView.swift in Sources */,
				ADE17F172981EC5F002B647D /* sigmap_iosApp.swift in Sources */,
			);
			runOnlyForDeploymentPostprocessing = 0;
		};
		ADE17F1F2981EC61002B647D /* Sources */ = {
			isa = PBXSourcesBuildPhase;
			buildActionMask = 2147483647;
			files = (
				ADE17F282981EC61002B647D /* sigmap_iosTests.swift in Sources */,
			);
			runOnlyForDeploymentPostprocessing = 0;
		};
		ADE17F292981EC62002B647D /* Sources */ = {
			isa = PBXSourcesBuildPhase;
			buildActionMask = 2147483647;
			files = (
				ADE17F322981EC62002B647D /* sigmap_iosUITests.swift in Sources */,
				ADE17F342981EC62002B647D /* sigmap_iosUITestsLaunchTests.swift in Sources */,
			);
			runOnlyForDeploymentPostprocessing = 0;
		};
/* End PBXSourcesBuildPhase section */

/* Begin PBXTargetDependency section */
		ADE17F252981EC61002B647D /* PBXTargetDependency */ = {
			isa = PBXTargetDependency;
			target = ADE17F122981EC5F002B647D /* sigmap-ios */;
			targetProxy = ADE17F242981EC61002B647D /* PBXContainerItemProxy */;
		};
		ADE17F2F2981EC62002B647D /* PBXTargetDependency */ = {
			isa = PBXTargetDependency;
			target = ADE17F122981EC5F002B647D /* sigmap-ios */;
			targetProxy = ADE17F2E2981EC62002B647D /* PBXContainerItemProxy */;
		};
/* End PBXTargetDependency section */

/* Begin XCBuildConfiguration section */
		ADE17F352981EC62002B647D /* Debug */ = {
			isa = XCBuildConfiguration;
			buildSettings = {
				ALWAYS_SEARCH_USER_PATHS = NO;
				CLANG_ANALYZER_NONNULL = YES;
				CLANG_ANALYZER_NUMBER_OBJECT_CONVERSION = YES_AGGRESSIVE;
				CLANG_CXX_LANGUAGE_STANDARD = "gnu++20";
				CLANG_ENABLE_MODULES = YES;
				CLANG_ENABLE_OBJC_ARC = YES;
				CLANG_ENABLE_OBJC_WEAK = YES;
				CLANG_WARN_BLOCK_CAPTURE_AUTORELEASING = YES;
				CLANG_WARN_BOOL_CONVERSION = YES;
				CLANG_WARN_COMMA = YES;
				CLANG_WARN_CONSTANT_CONVERSION = YES;
				CLANG_WARN_DEPRECATED_OBJC_IMPLEMENTATIONS = YES;
				CLANG_WARN_DIRECT_OBJC_ISA_USAGE = YES_ERROR;
				CLANG_WARN_DOCUMENTATION_COMMENTS = YES;
				CLANG_WARN_EMPTY_BODY = YES;
				CLANG_WARN_ENUM_CONVERSION = YES;
				CLANG_WARN_INFINITE_RECURSION = YES;
				CLANG_WARN_INT_CONVERSION = YES;
				CLANG_WARN_NON_LITERAL_NULL_CONVERSION = YES;
				CLANG_WARN_OBJC_IMPLICIT_RETAIN_SELF = YES;
				CLANG_WARN_OBJC_LITERAL_CONVERSION = YES;
				CLANG_WARN_OBJC_ROOT_CLASS = YES_ERROR;
				CLANG_WARN_QUOTED_INCLUDE_IN_FRAMEWORK_HEADER = YES;
				CLANG_WARN_RANGE_LOOP_ANALYSIS = YES;
				CLANG_WARN_STRICT_PROTOTYPES = YES;
				CLANG_WARN_SUSPICIOUS_MOVE = YES;
				CLANG_WARN_UNGUARDED_AVAILABILITY = YES_AGGRESSIVE;
				CLANG_WARN_UNREACHABLE_CODE = YES;
				CLANG_WARN__DUPLICATE_METHOD_MATCH = YES;
				COPY_PHASE_STRIP = NO;
				DEBUG_INFORMATION_FORMAT = dwarf;
				ENABLE_STRICT_OBJC_MSGSEND = YES;
				ENABLE_TESTABILITY = YES;
				GCC_C_LANGUAGE_STANDARD = gnu11;
				GCC_DYNAMIC_NO_PIC = NO;
				GCC_NO_COMMON_BLOCKS = YES;
				GCC_OPTIMIZATION_LEVEL = 0;
				GCC_PREPROCESSOR_DEFINITIONS = (
					"DEBUG=1",
					"$(inherited)",
				);
				GCC_WARN_64_TO_32_BIT_CONVERSION = YES;
				GCC_WARN_ABOUT_RETURN_TYPE = YES_ERROR;
				GCC_WARN_UNDECLARED_SELECTOR = YES;
				GCC_WARN_UNINITIALIZED_AUTOS = YES_AGGRESSIVE;
				GCC_WARN_UNUSED_FUNCTION = YES;
				GCC_WARN_UNUSED_VARIABLE = YES;
				IPHONEOS_DEPLOYMENT_TARGET = 16.2;
				MTL_ENABLE_DEBUG_INFO = INCLUDE_SOURCE;
				MTL_FAST_MATH = YES;
				ONLY_ACTIVE_ARCH = YES;
				SDKROOT = iphoneos;
				SWIFT_ACTIVE_COMPILATION_CONDITIONS = DEBUG;
				SWIFT_OPTIMIZATION_LEVEL = "-Onone";
			};
			name = Debug;
		};
		ADE17F362981EC62002B647D /* Release */ = {
			isa = XCBuildConfiguration;
			buildSettings = {
				ALWAYS_SEARCH_USER_PATHS = NO;
				CLANG_ANALYZER_NONNULL = YES;
				CLANG_ANALYZER_NUMBER_OBJECT_CONVERSION = YES_AGGRESSIVE;
				CLANG_CXX_LANGUAGE_STANDARD = "gnu++20";
				CLANG_ENABLE_MODULES = YES;
				CLANG_ENABLE_OBJC_ARC = YES;
				CLANG_ENABLE_OBJC_WEAK = YES;
				CLANG_WARN_BLOCK_CAPTURE_AUTORELEASING = YES;
				CLANG_WARN_BOOL_CONVERSION = YES;
				CLANG_WARN_COMMA = YES;
				CLANG_WARN_CONSTANT_CONVERSION = YES;
				CLANG_WARN_DEPRECATED_OBJC_IMPLEMENTATIONS = YES;
				CLANG_WARN_DIRECT_OBJC_ISA_USAGE = YES_ERROR;
				CLANG_WARN_DOCUMENTATION_COMMENTS = YES;
				CLANG_WARN_EMPTY_BODY = YES;
				CLANG_WARN_ENUM_CONVERSION = YES;
				CLANG_WARN_INFINITE_RECURSION = YES;
				CLANG_WARN_INT_CONVERSION = YES;
				CLANG_WARN_NON_LITERAL_NULL_CONVERSION = YES;
				CLANG_WARN_OBJC_IMPLICIT_RETAIN_SELF = YES;
				CLANG_WARN_OBJC_LITERAL_CONVERSION = YES;
				CLANG_WARN_OBJC_ROOT_CLASS = YES_ERROR;
				CLANG_WARN_QUOTED_INCLUDE_IN_FRAMEWORK_HEADER = YES;
				CLANG_WARN_RANGE_LOOP_ANALYSIS = YES;
				CLANG_WARN_STRICT_PROTOTYPES = YES;
				CLANG_WARN_SUSPICIOUS_MOVE = YES;
				CLANG_WARN_UNGUARDED_AVAILABILITY = YES_AGGRESSIVE;
				CLANG_WARN_UNREACHABLE_CODE = YES;
				CLANG_WARN__DUPLICATE_METHOD_MATCH = YES;
				COPY_PHASE_STRIP = NO;
				DEBUG_INFORMATION_FORMAT = "dwarf-with-dsym";
				ENABLE_NS_ASSERTIONS = NO;
				ENABLE_STRICT_OBJC_MSGSEND = YES;
				GCC_C_LANGUAGE_STANDARD = gnu11;
				GCC_NO_COMMON_BLOCKS = YES;
				GCC_WARN_64_TO_32_BIT_CONVERSION = YES;
				GCC_WARN_ABOUT_RETURN_TYPE = YES_ERROR;
				GCC_WARN_UNDECLARED_SELECTOR = YES;
				GCC_WARN_UNINITIALIZED_AUTOS = YES_AGGRESSIVE;
				GCC_WARN_UNUSED_FUNCTION = YES;
				GCC_WARN_UNUSED_VARIABLE = YES;
				IPHONEOS_DEPLOYMENT_TARGET = 16.2;
				MTL_ENABLE_DEBUG_INFO = NO;
				MTL_FAST_MATH = YES;
				SDKROOT = iphoneos;
				SWIFT_COMPILATION_MODE = wholemodule;
				SWIFT_OPTIMIZATION_LEVEL = "-O";
				VALIDATE_PRODUCT = YES;
			};
			name = Release;
		};
		ADE17F382981EC62002B647D /* Debug */ = {
			isa = XCBuildConfiguration;
			baseConfigurationReference = C6949BF32C43D0A7F6E85802 /* Pods-sigmap-ios.debug.xcconfig */;
			buildSettings = {
				ASSETCATALOG_COMPILER_APPICON_NAME = AppIcon;
				ASSETCATALOG_COMPILER_GLOBAL_ACCENT_COLOR_NAME = AccentColor;
				CODE_SIGN_STYLE = Automatic;
				CURRENT_PROJECT_VERSION = 1;
				DEVELOPMENT_ASSET_PATHS = "\"sigmap-ios/Preview Content\"";
				DEVELOPMENT_TEAM = 3M7CH2BN82;
				ENABLE_PREVIEWS = YES;
				GENERATE_INFOPLIST_FILE = YES;
				INFOPLIST_FILE = "sigmap-ios/Info.plist";
				INFOPLIST_KEY_UIApplicationSupportsIndirectInputEvents = YES;
				INFOPLIST_KEY_UILaunchScreen_Generation = YES;
				INFOPLIST_KEY_UISupportedInterfaceOrientations_iPad = "UIInterfaceOrientationPortrait UIInterfaceOrientationPortraitUpsideDown UIInterfaceOrientationLandscapeLeft UIInterfaceOrientationLandscapeRight";
				INFOPLIST_KEY_UISupportedInterfaceOrientations_iPhone = "UIInterfaceOrientationPortrait UIInterfaceOrientationLandscapeLeft UIInterfaceOrientationLandscapeRight";
				LD_RUNPATH_SEARCH_PATHS = (
					"$(inherited)",
					"@executable_path/Frameworks",
				);
				MARKETING_VERSION = 1.0;
				PRODUCT_BUNDLE_IDENTIFIER = "edu.stvincent.cis.sigmap-ios";
				PRODUCT_NAME = "$(TARGET_NAME)";
				SWIFT_EMIT_LOC_STRINGS = YES;
				SWIFT_VERSION = 5.0;
				TARGETED_DEVICE_FAMILY = "1,2";
			};
			name = Debug;
		};
		ADE17F392981EC62002B647D /* Release */ = {
			isa = XCBuildConfiguration;
			baseConfigurationReference = 32C5006F018878695A7B9DBF /* Pods-sigmap-ios.release.xcconfig */;
			buildSettings = {
				ASSETCATALOG_COMPILER_APPICON_NAME = AppIcon;
				ASSETCATALOG_COMPILER_GLOBAL_ACCENT_COLOR_NAME = AccentColor;
				CODE_SIGN_STYLE = Automatic;
				CURRENT_PROJECT_VERSION = 1;
				DEVELOPMENT_ASSET_PATHS = "\"sigmap-ios/Preview Content\"";
				DEVELOPMENT_TEAM = 3M7CH2BN82;
				ENABLE_PREVIEWS = YES;
				GENERATE_INFOPLIST_FILE = YES;
				INFOPLIST_FILE = "sigmap-ios/Info.plist";
				INFOPLIST_KEY_UIApplicationSupportsIndirectInputEvents = YES;
				INFOPLIST_KEY_UILaunchScreen_Generation = YES;
				INFOPLIST_KEY_UISupportedInterfaceOrientations_iPad = "UIInterfaceOrientationPortrait UIInterfaceOrientationPortraitUpsideDown UIInterfaceOrientationLandscapeLeft UIInterfaceOrientationLandscapeRight";
				INFOPLIST_KEY_UISupportedInterfaceOrientations_iPhone = "UIInterfaceOrientationPortrait UIInterfaceOrientationLandscapeLeft UIInterfaceOrientationLandscapeRight";
				LD_RUNPATH_SEARCH_PATHS = (
					"$(inherited)",
					"@executable_path/Frameworks",
				);
				MARKETING_VERSION = 1.0;
				PRODUCT_BUNDLE_IDENTIFIER = "edu.stvincent.cis.sigmap-ios";
				PRODUCT_NAME = "$(TARGET_NAME)";
				SWIFT_EMIT_LOC_STRINGS = YES;
				SWIFT_VERSION = 5.0;
				TARGETED_DEVICE_FAMILY = "1,2";
			};
			name = Release;
		};
		ADE17F3B2981EC62002B647D /* Debug */ = {
			isa = XCBuildConfiguration;
			baseConfigurationReference = 0EDBB0178A1B75794C15281D /* Pods-sigmap-iosTests.debug.xcconfig */;
			buildSettings = {
				ALWAYS_EMBED_SWIFT_STANDARD_LIBRARIES = YES;
				BUNDLE_LOADER = "$(TEST_HOST)";
				CODE_SIGN_STYLE = Automatic;
				CURRENT_PROJECT_VERSION = 1;
				GENERATE_INFOPLIST_FILE = YES;
				IPHONEOS_DEPLOYMENT_TARGET = 16.2;
				MARKETING_VERSION = 1.0;
				PRODUCT_BUNDLE_IDENTIFIER = "edu.stvincent.cis.sigmap-iosTests";
				PRODUCT_NAME = "$(TARGET_NAME)";
				SWIFT_EMIT_LOC_STRINGS = NO;
				SWIFT_VERSION = 5.0;
				TARGETED_DEVICE_FAMILY = "1,2";
				TEST_HOST = "$(BUILT_PRODUCTS_DIR)/sigmap-ios.app/$(BUNDLE_EXECUTABLE_FOLDER_PATH)/sigmap-ios";
			};
			name = Debug;
		};
		ADE17F3C2981EC62002B647D /* Release */ = {
			isa = XCBuildConfiguration;
			baseConfigurationReference = 4B5D1EC072AD671AE3950B6E /* Pods-sigmap-iosTests.release.xcconfig */;
			buildSettings = {
				ALWAYS_EMBED_SWIFT_STANDARD_LIBRARIES = YES;
				BUNDLE_LOADER = "$(TEST_HOST)";
				CODE_SIGN_STYLE = Automatic;
				CURRENT_PROJECT_VERSION = 1;
				GENERATE_INFOPLIST_FILE = YES;
				IPHONEOS_DEPLOYMENT_TARGET = 16.2;
				MARKETING_VERSION = 1.0;
				PRODUCT_BUNDLE_IDENTIFIER = "edu.stvincent.cis.sigmap-iosTests";
				PRODUCT_NAME = "$(TARGET_NAME)";
				SWIFT_EMIT_LOC_STRINGS = NO;
				SWIFT_VERSION = 5.0;
				TARGETED_DEVICE_FAMILY = "1,2";
				TEST_HOST = "$(BUILT_PRODUCTS_DIR)/sigmap-ios.app/$(BUNDLE_EXECUTABLE_FOLDER_PATH)/sigmap-ios";
			};
			name = Release;
		};
		ADE17F3E2981EC62002B647D /* Debug */ = {
			isa = XCBuildConfiguration;
			baseConfigurationReference = 542F057C884D3F0CBA63E4D7 /* Pods-sigmap-ios-sigmap-iosUITests.debug.xcconfig */;
			buildSettings = {
				ALWAYS_EMBED_SWIFT_STANDARD_LIBRARIES = YES;
				CODE_SIGN_STYLE = Automatic;
				CURRENT_PROJECT_VERSION = 1;
				GENERATE_INFOPLIST_FILE = YES;
				MARKETING_VERSION = 1.0;
				PRODUCT_BUNDLE_IDENTIFIER = "edu.stvincent.cis.sigmap-iosUITests";
				PRODUCT_NAME = "$(TARGET_NAME)";
				SWIFT_EMIT_LOC_STRINGS = NO;
				SWIFT_VERSION = 5.0;
				TARGETED_DEVICE_FAMILY = "1,2";
				TEST_TARGET_NAME = "sigmap-ios";
			};
			name = Debug;
		};
		ADE17F3F2981EC62002B647D /* Release */ = {
			isa = XCBuildConfiguration;
			baseConfigurationReference = 151474556AEAC5E4D3C9D21A /* Pods-sigmap-ios-sigmap-iosUITests.release.xcconfig */;
			buildSettings = {
				ALWAYS_EMBED_SWIFT_STANDARD_LIBRARIES = YES;
				CODE_SIGN_STYLE = Automatic;
				CURRENT_PROJECT_VERSION = 1;
				GENERATE_INFOPLIST_FILE = YES;
				MARKETING_VERSION = 1.0;
				PRODUCT_BUNDLE_IDENTIFIER = "edu.stvincent.cis.sigmap-iosUITests";
				PRODUCT_NAME = "$(TARGET_NAME)";
				SWIFT_EMIT_LOC_STRINGS = NO;
				SWIFT_VERSION = 5.0;
				TARGETED_DEVICE_FAMILY = "1,2";
				TEST_TARGET_NAME = "sigmap-ios";
			};
			name = Release;
		};
/* End XCBuildConfiguration section */

/* Begin XCConfigurationList section */
		ADE17F0E2981EC5F002B647D /* Build configuration list for PBXProject "sigmap-ios" */ = {
			isa = XCConfigurationList;
			buildConfigurations = (
				ADE17F352981EC62002B647D /* Debug */,
				ADE17F362981EC62002B647D /* Release */,
			);
			defaultConfigurationIsVisible = 0;
			defaultConfigurationName = Release;
		};
		ADE17F372981EC62002B647D /* Build configuration list for PBXNativeTarget "sigmap-ios" */ = {
			isa = XCConfigurationList;
			buildConfigurations = (
				ADE17F382981EC62002B647D /* Debug */,
				ADE17F392981EC62002B647D /* Release */,
			);
			defaultConfigurationIsVisible = 0;
			defaultConfigurationName = Release;
		};
		ADE17F3A2981EC62002B647D /* Build configuration list for PBXNativeTarget "sigmap-iosTests" */ = {
			isa = XCConfigurationList;
			buildConfigurations = (
				ADE17F3B2981EC62002B647D /* Debug */,
				ADE17F3C2981EC62002B647D /* Release */,
			);
			defaultConfigurationIsVisible = 0;
			defaultConfigurationName = Release;
		};
		ADE17F3D2981EC62002B647D /* Build configuration list for PBXNativeTarget "sigmap-iosUITests" */ = {
			isa = XCConfigurationList;
			buildConfigurations = (
				ADE17F3E2981EC62002B647D /* Debug */,
				ADE17F3F2981EC62002B647D /* Release */,
			);
			defaultConfigurationIsVisible = 0;
			defaultConfigurationName = Release;
		};
/* End XCConfigurationList section */
	};
	rootObject = ADE17F0B2981EC5F002B647D /* Project object */;
}
